{
  "name": "assets-clean-ui",
  "lockfileVersion": 3,
  "requires": true,
  "packages": {
    "": {
      "name": "assets-clean-ui",
      "dependencies": {
        "@fontsource/source-sans-3": "^5.0.12",
        "@popperjs/core": "^2.11.8",
        "admin-lte": "4.0.0-rc6",
        "bootstrap": "^5.3.7",
        "bootstrap-icons": "^1.13.1",
        "overlayscrollbars": "^2.11.0"
      }
    },
    "node_modules/@fontsource/source-sans-3": {
      "version": "5.0.12",
      "resolved": "https://registry.npmjs.org/@fontsource/source-sans-3/-/source-sans-3-5.0.12.tgz",
      "integrity": "sha512-adlMI0GEwo6VnIg3bu3spO/FUNOo8ItXaWmjRJcXVE8V5Oat8SJOlELSGUbbcZK6dkPbUadp3r/LGzeSy/lejg==",
      "license": "OFL-1.1"
    },
    "node_modules/@popperjs/core": {
      "version": "2.11.8",
      "resolved": "https://registry.npmjs.org/@popperjs/core/-/core-2.11.8.tgz",
      "integrity": "sha512-P1st0aksCrn9sGZhp8GMYwBnQsbvAWsZAX44oXNNvLHGqAOcoVxmjZiohstwQ7SqKnbR47akdNi+uleWD8+g6A==",
      "license": "MIT",
      "peer": true,
      "funding": {
        "type": "opencollective",
        "url": "https://opencollective.com/popperjs"
      }
    },
    "node_modules/admin-lte": {
      "version": "4.0.0-rc6",
      "resolved": "https://registry.npmjs.org/admin-lte/-/admin-lte-4.0.0-rc6.tgz",
      "integrity": "sha512-bJmCkfXesZKRD6OScTDSY6bYch5QsMDJv8pFnRESvSVKccH2WjUu3CuBC6qVcTggcaM2KPVO4DWDi0tRElMvqg==",
      "license": "MIT"
    },
    "node_modules/bootstrap": {
      "version": "5.3.7",
      "resolved": "https://registry.npmjs.org/bootstrap/-/bootstrap-5.3.7.tgz",
      "integrity": "sha512-7KgiD8UHjfcPBHEpDNg+zGz8L3LqR3GVwqZiBRFX04a1BCArZOz1r2kjly2HQ0WokqTO0v1nF+QAt8dsW4lKlw==",
      "funding": [
        {
          "type": "github",
          "url": "https://github.com/sponsors/twbs"
        },
        {
          "type": "opencollective",
          "url": "https://opencollective.com/bootstrap"
        }
      ],
      "license": "MIT",
      "peerDependencies": {
        "@popperjs/core": "^2.11.8"
      }
    },
    "node_modules/bootstrap-icons": {
      "version": "1.13.1",
      "resolved": "https://registry.npmjs.org/bootstrap-icons/-/bootstrap-icons-1.13.1.tgz",
      "integrity": "sha512-ijombt4v6bv5CLeXvRWKy7CuM3TRTuPEuGaGKvTV5cz65rQSY8RQ2JcHt6b90cBBAC7s8fsf2EkQDldzCoXUjw==",
      "funding": [
        {
          "type": "github",
          "url": "https://github.com/sponsors/twbs"
        },
        {
          "type": "opencollective",
          "url": "https://opencollective.com/bootstrap"
        }
      ],
      "license": "MIT"
    },
    "node_modules/overlayscrollbars": {
      "version": "2.11.0",
      "resolved": "https://registry.npmjs.org/overlayscrollbars/-/overlayscrollbars-2.11.0.tgz",
      "integrity": "sha512-4le6aI4VzimWPnqKXifqdhjEwTQKiWnuYo8bKuAG0VqISy8h165eGodC1LREshn0YrOe4rJ7ctQ2UlvoIFGjiA==",
      "license": "MIT"
    }
  }
}
